
Microsoft Visual Studio Solution File, Format Version 12.00
# Visual Studio Version 16
VisualStudioVersion = 16.0.30717.126
MinimumVisualStudioVersion = 10.0.40219.1
Project("{FAE04EC0-301F-11D3-BF4B-00C04F79EFBC}") = "AutomobileServiceCenter.Web", "AutomobileServiceCenter.Web\AutomobileServiceCenter.Web.csproj", "{BD1E1DFA-BF66-4126-8128-8F708DEFF007}"
EndProject
Global
	GlobalSection(SolutionConfigurationPlatforms) = preSolution
		Debug|Any CPU = Debug|Any CPU
		Release|Any CPU = Release|Any CPU
	EndGlobalSection
	GlobalSection(ProjectConfigurationPlatforms) = postSolution
		{BD1E1DFA-BF66-4126-8128-8F708DEFF007}.Debug|Any CPU.ActiveCfg = Debug|Any CPU
		{BD1E1DFA-BF66-4126-8128-8F708DEFF007}.Debug|Any CPU.Build.0 = Debug|Any CPU
		{BD1E1DFA-BF66-4126-8128-8F708DEFF007}.Release|Any CPU.ActiveCfg = Release|Any CPU
		{BD1E1DFA-BF66-4126-8128-8F708DEFF007}.Release|Any CPU.Build.0 = Release|Any CPU
	EndGlobalSection
	GlobalSection(SolutionProperties) = preSolution
		HideSolutionNode = FALSE
	EndGlobalSection
	GlobalSection(ExtensibilityGlobals) = postSolution
		SolutionGuid = {174A6B19-8F56-49EA-8507-29AADB154970}
	EndGlobalSection
EndGlobal
